
Microsoft Visual Studio Solution File, Format Version 12.00
# Visual Studio Version 17
VisualStudioVersion = 17.0.31903.59
MinimumVisualStudioVersion = 10.0.40219.1
Project("{9A19103F-16F7-4668-BE54-9A1E7A4F7556}") = "ECommerceApp", "ECommerceApp\ECommerceApp.csproj", "{7D6E8C93-57E5-40E0-B857-5795E3B083DD}"
EndProject
Project("{9A19103F-16F7-4668-BE54-9A1E7A4F7556}") = "ECommerce.Common", "ECommerce.Common\ECommerce.Common.csproj", "{F8ADAA72-6EAC-49BE-9C95-A1D0D36E4D24}"
EndProject
Project("{9A19103F-16F7-4668-BE54-9A1E7A4F7556}") = "ECommerce.Modules.Orders", "ECommerce.Modules.Orders\ECommerce.Modules.Orders.csproj", "{94EC02AE-4A68-417A-A63B-802ADC5A11DF}"
EndProject
Project("{9A19103F-16F7-4668-BE54-9A1E7A4F7556}") = "ECommerce.Modules.Products", "ECommerce.Modules.Products\ECommerce.Modules.Products.csproj", "{98E748F4-A48F-458D-A434-B5627DF290D2}"
EndProject
Project("{9A19103F-16F7-4668-BE54-9A1E7A4F7556}") = "ECommerce.Modules.Customers", "ECommerce.Modules.Customers\ECommerce.Modules.Customers.csproj", "{00CE914D-10E2-4A33-AA17-4EA6ADD69763}"
EndProject
Project("{9A19103F-16F7-4668-BE54-9A1E7A4F7556}") = "ECommerce.Contracts", "ECommerce.Contracts\ECommerce.Contracts.csproj", "{42A3ABC3-97E3-4BAA-8199-F62F7AD6CDBF}"
EndProject
Project("{9A19103F-16F7-4668-BE54-9A1E7A4F7556}") = "ECommerce.Modules.Orders.Tests", "ECommerce.Modules.Orders.Tests\ECommerce.Modules.Orders.Tests.csproj", "{AB433BF2-B470-4D8A-8360-CC10D2092CCA}"
EndProject
Project("{2150E333-8FDC-42A3-9474-1A3956D46DE8}") = "tests", "tests", "{E518047E-53A8-4DAE-B213-87355DA9C6AD}"
EndProject
Project("{FAE04EC0-301F-11D3-BF4B-00C04F79EFBC}") = "ECommerce.ArchitectureTests", "tests\ECommerce.ArchitectureTests\ECommerce.ArchitectureTests.csproj", "{7686BB5E-2588-4C8A-B76D-3AFD7838643B}"
EndProject
Project("{FAE04EC0-301F-11D3-BF4B-00C04F79EFBC}") = "ECommerce.BusinessEvents", "ECommerce.BusinessEvents\ECommerce.BusinessEvents.csproj", "{3A5F33EA-B72A-422C-9783-33217E20AEC4}"
EndProject
Project("{FAE04EC0-301F-11D3-BF4B-00C04F79EFBC}") = "ECommerce.BusinessEvents.Tests", "ECommerce.BusinessEvents.Tests\ECommerce.BusinessEvents.Tests.csproj", "{B873E2AA-F5C2-4CBA-B03C-DEE6D27EED45}"
EndProject
Project("{FAE04EC0-301F-11D3-BF4B-00C04F79EFBC}") = "ECommerce.DatabaseMigrator", "ECommerce.DatabaseMigrator\ECommerce.DatabaseMigrator.csproj", "{760B3134-8E8E-4F9B-97F6-C3CAD7EBB3EC}"
EndProject
Project("{FAE04EC0-301F-11D3-BF4B-00C04F79EFBC}") = "ECommerce.UI.Tests", "ECommerce.UI.Tests\ECommerce.UI.Tests.csproj", "{4D473B53-FAEA-4B67-BFF0-BFE957B5AF87}"
EndProject
Project("{FAE04EC0-301F-11D3-BF4B-00C04F79EFBC}") = "ECommerce.AdminUI", "ECommerce.AdminUI\ECommerce.AdminUI.csproj", "{2C0A163E-FBE7-4427-9EB6-E0C546EE9E8B}"
EndProject
Project("{FAE04EC0-301F-11D3-BF4B-00C04F79EFBC}") = "ECommerce.AdminUI.Tests", "ECommerce.AdminUI.Tests\ECommerce.AdminUI.Tests.csproj", "{84480D80-6C53-4C17-B933-8DE392DEBDF8}"
EndProject
Project("{FAE04EC0-301F-11D3-BF4B-00C04F79EFBC}") = "ECommerceApp.IntegrationTests", "ECommerceApp.IntegrationTests\ECommerceApp.IntegrationTests.csproj", "{AE507077-98C4-476F-A039-25E92ECCC280}"
EndProject
Project("{FAE04EC0-301F-11D3-BF4B-00C04F79EFBC}") = "ECommerce.AdminUI.IntegrationTests", "ECommerce.AdminUI.IntegrationTests\ECommerce.AdminUI.IntegrationTests.csproj", "{3081A0AF-4168-4CBF-956C-C222E590C281}"
EndProject
Global
	GlobalSection(SolutionConfigurationPlatforms) = preSolution
		Debug|Any CPU = Debug|Any CPU
		Release|Any CPU = Release|Any CPU
	EndGlobalSection
	GlobalSection(ProjectConfigurationPlatforms) = postSolution
		{7D6E8C93-57E5-40E0-B857-5795E3B083DD}.Debug|Any CPU.ActiveCfg = Debug|Any CPU
		{7D6E8C93-57E5-40E0-B857-5795E3B083DD}.Debug|Any CPU.Build.0 = Debug|Any CPU
		{7D6E8C93-57E5-40E0-B857-5795E3B083DD}.Release|Any CPU.ActiveCfg = Release|Any CPU
		{7D6E8C93-57E5-40E0-B857-5795E3B083DD}.Release|Any CPU.Build.0 = Release|Any CPU
		{F8ADAA72-6EAC-49BE-9C95-A1D0D36E4D24}.Debug|Any CPU.ActiveCfg = Debug|Any CPU
		{F8ADAA72-6EAC-49BE-9C95-A1D0D36E4D24}.Debug|Any CPU.Build.0 = Debug|Any CPU
		{F8ADAA72-6EAC-49BE-9C95-A1D0D36E4D24}.Release|Any CPU.ActiveCfg = Release|Any CPU
		{F8ADAA72-6EAC-49BE-9C95-A1D0D36E4D24}.Release|Any CPU.Build.0 = Release|Any CPU
		{94EC02AE-4A68-417A-A63B-802ADC5A11DF}.Debug|Any CPU.ActiveCfg = Debug|Any CPU
		{94EC02AE-4A68-417A-A63B-802ADC5A11DF}.Debug|Any CPU.Build.0 = Debug|Any CPU
		{94EC02AE-4A68-417A-A63B-802ADC5A11DF}.Release|Any CPU.ActiveCfg = Release|Any CPU
		{94EC02AE-4A68-417A-A63B-802ADC5A11DF}.Release|Any CPU.Build.0 = Release|Any CPU
		{98E748F4-A48F-458D-A434-B5627DF290D2}.Debug|Any CPU.ActiveCfg = Debug|Any CPU
		{98E748F4-A48F-458D-A434-B5627DF290D2}.Debug|Any CPU.Build.0 = Debug|Any CPU
		{98E748F4-A48F-458D-A434-B5627DF290D2}.Release|Any CPU.ActiveCfg = Release|Any CPU
		{98E748F4-A48F-458D-A434-B5627DF290D2}.Release|Any CPU.Build.0 = Release|Any CPU
		{00CE914D-10E2-4A33-AA17-4EA6ADD69763}.Debug|Any CPU.ActiveCfg = Debug|Any CPU
		{00CE914D-10E2-4A33-AA17-4EA6ADD69763}.Debug|Any CPU.Build.0 = Debug|Any CPU
		{00CE914D-10E2-4A33-AA17-4EA6ADD69763}.Release|Any CPU.ActiveCfg = Release|Any CPU
		{00CE914D-10E2-4A33-AA17-4EA6ADD69763}.Release|Any CPU.Build.0 = Release|Any CPU
		{42A3ABC3-97E3-4BAA-8199-F62F7AD6CDBF}.Debug|Any CPU.ActiveCfg = Debug|Any CPU
		{42A3ABC3-97E3-4BAA-8199-F62F7AD6CDBF}.Debug|Any CPU.Build.0 = Debug|Any CPU
		{42A3ABC3-97E3-4BAA-8199-F62F7AD6CDBF}.Release|Any CPU.ActiveCfg = Release|Any CPU
		{42A3ABC3-97E3-4BAA-8199-F62F7AD6CDBF}.Release|Any CPU.Build.0 = Release|Any CPU
		{AB433BF2-B470-4D8A-8360-CC10D2092CCA}.Debug|Any CPU.ActiveCfg = Debug|Any CPU
		{AB433BF2-B470-4D8A-8360-CC10D2092CCA}.Debug|Any CPU.Build.0 = Debug|Any CPU
		{AB433BF2-B470-4D8A-8360-CC10D2092CCA}.Release|Any CPU.ActiveCfg = Release|Any CPU
		{AB433BF2-B470-4D8A-8360-CC10D2092CCA}.Release|Any CPU.Build.0 = Release|Any CPU
		{7686BB5E-2588-4C8A-B76D-3AFD7838643B}.Debug|Any CPU.ActiveCfg = Debug|Any CPU
		{7686BB5E-2588-4C8A-B76D-3AFD7838643B}.Debug|Any CPU.Build.0 = Debug|Any CPU
		{7686BB5E-2588-4C8A-B76D-3AFD7838643B}.Release|Any CPU.ActiveCfg = Release|Any CPU
		{7686BB5E-2588-4C8A-B76D-3AFD7838643B}.Release|Any CPU.Build.0 = Release|Any CPU
		{72805CE8-A9D8-4140-A5B6-11178D074B19}.Debug|Any CPU.ActiveCfg = Debug|Any CPU
		{72805CE8-A9D8-4140-A5B6-11178D074B19}.Debug|Any CPU.Build.0 = Debug|Any CPU
		{72805CE8-A9D8-4140-A5B6-11178D074B19}.Release|Any CPU.ActiveCfg = Release|Any CPU
		{72805CE8-A9D8-4140-A5B6-11178D074B19}.Release|Any CPU.Build.0 = Release|Any CPU
		{3A5F33EA-B72A-422C-9783-33217E20AEC4}.Debug|Any CPU.ActiveCfg = Debug|Any CPU
		{3A5F33EA-B72A-422C-9783-33217E20AEC4}.Debug|Any CPU.Build.0 = Debug|Any CPU
		{3A5F33EA-B72A-422C-9783-33217E20AEC4}.Release|Any CPU.ActiveCfg = Release|Any CPU
		{3A5F33EA-B72A-422C-9783-33217E20AEC4}.Release|Any CPU.Build.0 = Release|Any CPU
		{B873E2AA-F5C2-4CBA-B03C-DEE6D27EED45}.Debug|Any CPU.ActiveCfg = Debug|Any CPU
		{B873E2AA-F5C2-4CBA-B03C-DEE6D27EED45}.Debug|Any CPU.Build.0 = Debug|Any CPU
		{B873E2AA-F5C2-4CBA-B03C-DEE6D27EED45}.Release|Any CPU.ActiveCfg = Release|Any CPU
		{B873E2AA-F5C2-4CBA-B03C-DEE6D27EED45}.Release|Any CPU.Build.0 = Release|Any CPU
		{760B3134-8E8E-4F9B-97F6-C3CAD7EBB3EC}.Debug|Any CPU.ActiveCfg = Debug|Any CPU
		{760B3134-8E8E-4F9B-97F6-C3CAD7EBB3EC}.Debug|Any CPU.Build.0 = Debug|Any CPU
		{760B3134-8E8E-4F9B-97F6-C3CAD7EBB3EC}.Release|Any CPU.ActiveCfg = Release|Any CPU
		{760B3134-8E8E-4F9B-97F6-C3CAD7EBB3EC}.Release|Any CPU.Build.0 = Release|Any CPU
		{4D473B53-FAEA-4B67-BFF0-BFE957B5AF87}.Debug|Any CPU.ActiveCfg = Debug|Any CPU
		{4D473B53-FAEA-4B67-BFF0-BFE957B5AF87}.Debug|Any CPU.Build.0 = Debug|Any CPU
		{4D473B53-FAEA-4B67-BFF0-BFE957B5AF87}.Release|Any CPU.ActiveCfg = Release|Any CPU
		{4D473B53-FAEA-4B67-BFF0-BFE957B5AF87}.Release|Any CPU.Build.0 = Release|Any CPU
		{2C0A163E-FBE7-4427-9EB6-E0C546EE9E8B}.Debug|Any CPU.ActiveCfg = Debug|Any CPU
		{2C0A163E-FBE7-4427-9EB6-E0C546EE9E8B}.Debug|Any CPU.Build.0 = Debug|Any CPU
		{2C0A163E-FBE7-4427-9EB6-E0C546EE9E8B}.Release|Any CPU.ActiveCfg = Release|Any CPU
		{2C0A163E-FBE7-4427-9EB6-E0C546EE9E8B}.Release|Any CPU.Build.0 = Release|Any CPU
		{84480D80-6C53-4C17-B933-8DE392DEBDF8}.Debug|Any CPU.ActiveCfg = Debug|Any CPU
		{84480D80-6C53-4C17-B933-8DE392DEBDF8}.Debug|Any CPU.Build.0 = Debug|Any CPU
		{84480D80-6C53-4C17-B933-8DE392DEBDF8}.Release|Any CPU.ActiveCfg = Release|Any CPU
		{84480D80-6C53-4C17-B933-8DE392DEBDF8}.Release|Any CPU.Build.0 = Release|Any CPU
		{AE507077-98C4-476F-A039-25E92ECCC280}.Debug|Any CPU.ActiveCfg = Debug|Any CPU
		{AE507077-98C4-476F-A039-25E92ECCC280}.Debug|Any CPU.Build.0 = Debug|Any CPU
		{AE507077-98C4-476F-A039-25E92ECCC280}.Release|Any CPU.ActiveCfg = Release|Any CPU
		{AE507077-98C4-476F-A039-25E92ECCC280}.Release|Any CPU.Build.0 = Release|Any CPU
		{3081A0AF-4168-4CBF-956C-C222E590C281}.Debug|Any CPU.ActiveCfg = Debug|Any CPU
		{3081A0AF-4168-4CBF-956C-C222E590C281}.Debug|Any CPU.Build.0 = Debug|Any CPU
		{3081A0AF-4168-4CBF-956C-C222E590C281}.Release|Any CPU.ActiveCfg = Release|Any CPU
		{3081A0AF-4168-4CBF-956C-C222E590C281}.Release|Any CPU.Build.0 = Release|Any CPU
	EndGlobalSection
	GlobalSection(SolutionProperties) = preSolution
		HideSolutionNode = FALSE
	EndGlobalSection
	GlobalSection(NestedProjects) = preSolution
		{7686BB5E-2588-4C8A-B76D-3AFD7838643B} = {E518047E-53A8-4DAE-B213-87355DA9C6AD}
	EndGlobalSection
	GlobalSection(ExtensibilityGlobals) = postSolution
		SolutionGuid = {31260D7E-2CB3-41B0-BBEF-0C0C02066180}
	EndGlobalSection
EndGlobal
